// !$*UTF8*$!
{
	archiveVersion = 1;
	classes = {
	};
	objectVersion = 51;
	objects = {

/* Begin PBXBuildFile section */
		AA0EE6FD1F6F40E1C7355000 /* Pods_ParstagramTests.framework in Frameworks */ = {isa = PBXBuildFile; fileRef = 218233F8E8C7D351E6ECA996 /* Pods_ParstagramTests.framework */; };
		B0450A576DC5BDB9792B1D4C /* Pods_Parstagram.framework in Frameworks */ = {isa = PBXBuildFile; fileRef = C6529D5B938010A97E2EDD55 /* Pods_Parstagram.framework */; };
		E5ED413122B39796CEC79DD5 /* Pods_Parstagram_ParstagramUITests.framework in Frameworks */ = {isa = PBXBuildFile; fileRef = CB3B163AC82C2177F84A0B1F /* Pods_Parstagram_ParstagramUITests.framework */; };
		FC5B005426033ECA009C6B51 /* AppDelegate.swift in Sources */ = {isa = PBXBuildFile; fileRef = FC5B005326033ECA009C6B51 /* AppDelegate.swift */; };
		FC5B005626033ECA009C6B51 /* SceneDelegate.swift in Sources */ = {isa = PBXBuildFile; fileRef = FC5B005526033ECA009C6B51 /* SceneDelegate.swift */; };
		FC5B005B26033ECA009C6B51 /* Main.storyboard in Resources */ = {isa = PBXBuildFile; fileRef = FC5B005926033ECA009C6B51 /* Main.storyboard */; };
		FC5B005D26033ECB009C6B51 /* Assets.xcassets in Resources */ = {isa = PBXBuildFile; fileRef = FC5B005C26033ECB009C6B51 /* Assets.xcassets */; };
		FC5B006026033ECB009C6B51 /* LaunchScreen.storyboard in Resources */ = {isa = PBXBuildFile; fileRef = FC5B005E26033ECB009C6B51 /* LaunchScreen.storyboard */; };
		FC5B006B26033ECC009C6B51 /* ParstagramTests.swift in Sources */ = {isa = PBXBuildFile; fileRef = FC5B006A26033ECC009C6B51 /* ParstagramTests.swift */; };
		FC5B007626033ECC009C6B51 /* ParstagramUITests.swift in Sources */ = {isa = PBXBuildFile; fileRef = FC5B007526033ECC009C6B51 /* ParstagramUITests.swift */; };
		FCAA18A4260346A300210036 /* CameraViewController.swift in Sources */ = {isa = PBXBuildFile; fileRef = FCAA18A3260346A300210036 /* CameraViewController.swift */; };
		FCBE632426033FC100258A65 /* LoginViewController.swift in Sources */ = {isa = PBXBuildFile; fileRef = FCBE632326033FC100258A65 /* LoginViewController.swift */; };
		FCBE632926033FD500258A65 /* FeedViewController.swift in Sources */ = {isa = PBXBuildFile; fileRef = FCBE632826033FD500258A65 /* FeedViewController.swift */; };
		FCED1756260EC2BA00267556 /* CommentCell.swift in Sources */ = {isa = PBXBuildFile; fileRef = FCED1755260EC2BA00267556 /* CommentCell.swift */; };
		FCFB22CA26034F4800701723 /* PostCell.swift in Sources */ = {isa = PBXBuildFile; fileRef = FCFB22C926034F4800701723 /* PostCell.swift */; };
/* End PBXBuildFile section */

/* Begin PBXContainerItemProxy section */
		FC5B006726033ECC009C6B51 /* PBXContainerItemProxy */ = {
			isa = PBXContainerItemProxy;
			containerPortal = FC5B004826033ECA009C6B51 /* Project object */;
			proxyType = 1;
			remoteGlobalIDString = FC5B004F26033ECA009C6B51;
			remoteInfo = Parstagram;
		};
		FC5B007226033ECC009C6B51 /* PBXContainerItemProxy */ = {
			isa = PBXContainerItemProxy;
			containerPortal = FC5B004826033ECA009C6B51 /* Project object */;
			proxyType = 1;
			remoteGlobalIDString = FC5B004F26033ECA009C6B51;
			remoteInfo = Parstagram;
		};
/* End PBXContainerItemProxy section */

/* Begin PBXFileReference section */
		218233F8E8C7D351E6ECA996 /* Pods_ParstagramTests.framework */ = {isa = PBXFileReference; explicitFileType = wrapper.framework; includeInIndex = 0; path = Pods_ParstagramTests.framework; sourceTree = BUILT_PRODUCTS_DIR; };
		5047A090A0CBFD81A7E0E028 /* Pods-Parstagram-ParstagramUITests.debug.xcconfig */ = {isa = PBXFileReference; includeInIndex = 1; lastKnownFileType = text.xcconfig; name = "Pods-Parstagram-ParstagramUITests.debug.xcconfig"; path = "Target Support Files/Pods-Parstagram-ParstagramUITests/Pods-Parstagram-ParstagramUITests.debug.xcconfig"; sourceTree = "<group>"; };
		511F38370D47222D2710AF68 /* Pods-Parstagram.debug.xcconfig */ = {isa = PBXFileReference; includeInIndex = 1; lastKnownFileType = text.xcconfig; name = "Pods-Parstagram.debug.xcconfig"; path = "Target Support Files/Pods-Parstagram/Pods-Parstagram.debug.xcconfig"; sourceTree = "<group>"; };
		C6529D5B938010A97E2EDD55 /* Pods_Parstagram.framework */ = {isa = PBXFileReference; explicitFileType = wrapper.framework; includeInIndex = 0; path = Pods_Parstagram.framework; sourceTree = BUILT_PRODUCTS_DIR; };
		CB3B163AC82C2177F84A0B1F /* Pods_Parstagram_ParstagramUITests.framework */ = {isa = PBXFileReference; explicitFileType = wrapper.framework; includeInIndex = 0; path = Pods_Parstagram_ParstagramUITests.framework; sourceTree = BUILT_PRODUCTS_DIR; };
		DEAD930F4BD48D742B984CA3 /* Pods-ParstagramTests.release.xcconfig */ = {isa = PBXFileReference; includeInIndex = 1; lastKnownFileType = text.xcconfig; name = "Pods-ParstagramTests.release.xcconfig"; path = "Target Support Files/Pods-ParstagramTests/Pods-ParstagramTests.release.xcconfig"; sourceTree = "<group>"; };
		EDFC03D9137AEB9BDB79F00E /* Pods-Parstagram-ParstagramUITests.release.xcconfig */ = {isa = PBXFileReference; includeInIndex = 1; lastKnownFileType = text.xcconfig; name = "Pods-Parstagram-ParstagramUITests.release.xcconfig"; path = "Target Support Files/Pods-Parstagram-ParstagramUITests/Pods-Parstagram-ParstagramUITests.release.xcconfig"; sourceTree = "<group>"; };
		F250AA4BB004F92F63A3AEDA /* Pods-ParstagramTests.debug.xcconfig */ = {isa = PBXFileReference; includeInIndex = 1; lastKnownFileType = text.xcconfig; name = "Pods-ParstagramTests.debug.xcconfig"; path = "Target Support Files/Pods-ParstagramTests/Pods-ParstagramTests.debug.xcconfig"; sourceTree = "<group>"; };
		F8E456A2A72457790F589D0F /* Pods-Parstagram.release.xcconfig */ = {isa = PBXFileReference; includeInIndex = 1; lastKnownFileType = text.xcconfig; name = "Pods-Parstagram.release.xcconfig"; path = "Target Support Files/Pods-Parstagram/Pods-Parstagram.release.xcconfig"; sourceTree = "<group>"; };
		FC5B005026033ECA009C6B51 /* Parstagram.app */ = {isa = PBXFileReference; explicitFileType = wrapper.application; includeInIndex = 0; path = Parstagram.app; sourceTree = BUILT_PRODUCTS_DIR; };
		FC5B005326033ECA009C6B51 /* AppDelegate.swift */ = {isa = PBXFileReference; lastKnownFileType = sourcecode.swift; path = AppDelegate.swift; sourceTree = "<group>"; };
		FC5B005526033ECA009C6B51 /* SceneDelegate.swift */ = {isa = PBXFileReference; lastKnownFileType = sourcecode.swift; path = SceneDelegate.swift; sourceTree = "<group>"; };
		FC5B005A26033ECA009C6B51 /* Base */ = {isa = PBXFileReference; lastKnownFileType = file.storyboard; name = Base; path = Base.lproj/Main.storyboard; sourceTree = "<group>"; };
		FC5B005C26033ECB009C6B51 /* Assets.xcassets */ = {isa = PBXFileReference; lastKnownFileType = folder.assetcatalog; path = Assets.xcassets; sourceTree = "<group>"; };
		FC5B005F26033ECB009C6B51 /* Base */ = {isa = PBXFileReference; lastKnownFileType = file.storyboard; name = Base; path = Base.lproj/LaunchScreen.storyboard; sourceTree = "<group>"; };
		FC5B006126033ECB009C6B51 /* Info.plist */ = {isa = PBXFileReference; lastKnownFileType = text.plist.xml; path = Info.plist; sourceTree = "<group>"; };
		FC5B006626033ECC009C6B51 /* ParstagramTests.xctest */ = {isa = PBXFileReference; explicitFileType = wrapper.cfbundle; includeInIndex = 0; path = ParstagramTests.xctest; sourceTree = BUILT_PRODUCTS_DIR; };
		FC5B006A26033ECC009C6B51 /* ParstagramTests.swift */ = {isa = PBXFileReference; lastKnownFileType = sourcecode.swift; path = ParstagramTests.swift; sourceTree = "<group>"; };
		FC5B006C26033ECC009C6B51 /* Info.plist */ = {isa = PBXFileReference; lastKnownFileType = text.plist.xml; path = Info.plist; sourceTree = "<group>"; };
		FC5B007126033ECC009C6B51 /* ParstagramUITests.xctest */ = {isa = PBXFileReference; explicitFileType = wrapper.cfbundle; includeInIndex = 0; path = ParstagramUITests.xctest; sourceTree = BUILT_PRODUCTS_DIR; };
		FC5B007526033ECC009C6B51 /* ParstagramUITests.swift */ = {isa = PBXFileReference; lastKnownFileType = sourcecode.swift; path = ParstagramUITests.swift; sourceTree = "<group>"; };
		FC5B007726033ECC009C6B51 /* Info.plist */ = {isa = PBXFileReference; lastKnownFileType = text.plist.xml; path = Info.plist; sourceTree = "<group>"; };
		FCAA18A3260346A300210036 /* CameraViewController.swift */ = {isa = PBXFileReference; lastKnownFileType = sourcecode.swift; path = CameraViewController.swift; sourceTree = "<group>"; };
		FCBE632326033FC100258A65 /* LoginViewController.swift */ = {isa = PBXFileReference; lastKnownFileType = sourcecode.swift; path = LoginViewController.swift; sourceTree = "<group>"; };
		FCBE632826033FD500258A65 /* FeedViewController.swift */ = {isa = PBXFileReference; lastKnownFileType = sourcecode.swift; path = FeedViewController.swift; sourceTree = "<group>"; };
		FCED1755260EC2BA00267556 /* CommentCell.swift */ = {isa = PBXFileReference; lastKnownFileType = sourcecode.swift; path = CommentCell.swift; sourceTree = "<group>"; };
		FCFB22C926034F4800701723 /* PostCell.swift */ = {isa = PBXFileReference; lastKnownFileType = sourcecode.swift; path = PostCell.swift; sourceTree = "<group>"; };
/* End PBXFileReference section */

/* Begin PBXFrameworksBuildPhase section */
		FC5B004D26033ECA009C6B51 /* Frameworks */ = {
			isa = PBXFrameworksBuildPhase;
			buildActionMask = 2147483647;
			files = (
				B0450A576DC5BDB9792B1D4C /* Pods_Parstagram.framework in Frameworks */,
			);
			runOnlyForDeploymentPostprocessing = 0;
		};
		FC5B006326033ECC009C6B51 /* Frameworks */ = {
			isa = PBXFrameworksBuildPhase;
			buildActionMask = 2147483647;
			files = (
				AA0EE6FD1F6F40E1C7355000 /* Pods_ParstagramTests.framework in Frameworks */,
			);
			runOnlyForDeploymentPostprocessing = 0;
		};
		FC5B006E26033ECC009C6B51 /* Frameworks */ = {
			isa = PBXFrameworksBuildPhase;
			buildActionMask = 2147483647;
			files = (
				E5ED413122B39796CEC79DD5 /* Pods_Parstagram_ParstagramUITests.framework in Frameworks */,
			);
			runOnlyForDeploymentPostprocessing = 0;
		};
/* End PBXFrameworksBuildPhase section */

/* Begin PBXGroup section */
		303509A2BEDB177417C78D36 /* Frameworks */ = {
			isa = PBXGroup;
			children = (
				C6529D5B938010A97E2EDD55 /* Pods_Parstagram.framework */,
				CB3B163AC82C2177F84A0B1F /* Pods_Parstagram_ParstagramUITests.framework */,
				218233F8E8C7D351E6ECA996 /* Pods_ParstagramTests.framework */,
			);
			name = Frameworks;
			sourceTree = "<group>";
		};
		A0D24932B6773154D4AA4B3C /* Pods */ = {
			isa = PBXGroup;
			children = (
				511F38370D47222D2710AF68 /* Pods-Parstagram.debug.xcconfig */,
				F8E456A2A72457790F589D0F /* Pods-Parstagram.release.xcconfig */,
				5047A090A0CBFD81A7E0E028 /* Pods-Parstagram-ParstagramUITests.debug.xcconfig */,
				EDFC03D9137AEB9BDB79F00E /* Pods-Parstagram-ParstagramUITests.release.xcconfig */,
				F250AA4BB004F92F63A3AEDA /* Pods-ParstagramTests.debug.xcconfig */,
				DEAD930F4BD48D742B984CA3 /* Pods-ParstagramTests.release.xcconfig */,
			);
			path = Pods;
			sourceTree = "<group>";
		};
		FC5B004726033ECA009C6B51 = {
			isa = PBXGroup;
			children = (
				FC5B005226033ECA009C6B51 /* Parstagram */,
				FC5B006926033ECC009C6B51 /* ParstagramTests */,
				FC5B007426033ECC009C6B51 /* ParstagramUITests */,
				FC5B005126033ECA009C6B51 /* Products */,
				A0D24932B6773154D4AA4B3C /* Pods */,
				303509A2BEDB177417C78D36 /* Frameworks */,
			);
			sourceTree = "<group>";
		};
		FC5B005126033ECA009C6B51 /* Products */ = {
			isa = PBXGroup;
			children = (
				FC5B005026033ECA009C6B51 /* Parstagram.app */,
				FC5B006626033ECC009C6B51 /* ParstagramTests.xctest */,
				FC5B007126033ECC009C6B51 /* ParstagramUITests.xctest */,
			);
			name = Products;
			sourceTree = "<group>";
		};
		FC5B005226033ECA009C6B51 /* Parstagram */ = {
			isa = PBXGroup;
			children = (
				FC5B005326033ECA009C6B51 /* AppDelegate.swift */,
				FC5B005526033ECA009C6B51 /* SceneDelegate.swift */,
				FC5B005926033ECA009C6B51 /* Main.storyboard */,
				FC5B005C26033ECB009C6B51 /* Assets.xcassets */,
				FC5B005E26033ECB009C6B51 /* LaunchScreen.storyboard */,
				FC5B006126033ECB009C6B51 /* Info.plist */,
				FCBE632326033FC100258A65 /* LoginViewController.swift */,
				FCBE632826033FD500258A65 /* FeedViewController.swift */,
				FCAA18A3260346A300210036 /* CameraViewController.swift */,
				FCFB22C926034F4800701723 /* PostCell.swift */,
				FCED1755260EC2BA00267556 /* CommentCell.swift */,
			);
			path = Parstagram;
			sourceTree = "<group>";
		};
		FC5B006926033ECC009C6B51 /* ParstagramTests */ = {
			isa = PBXGroup;
			children = (
				FC5B006A26033ECC009C6B51 /* ParstagramTests.swift */,
				FC5B006C26033ECC009C6B51 /* Info.plist */,
			);
			path = ParstagramTests;
			sourceTree = "<group>";
		};
		FC5B007426033ECC009C6B51 /* ParstagramUITests */ = {
			isa = PBXGroup;
			children = (
				FC5B007526033ECC009C6B51 /* ParstagramUITests.swift */,
				FC5B007726033ECC009C6B51 /* Info.plist */,
			);
			path = ParstagramUITests;
			sourceTree = "<group>";
		};
/* End PBXGroup section */

/* Begin PBXNativeTarget section */
		FC5B004F26033ECA009C6B51 /* Parstagram */ = {
			isa = PBXNativeTarget;
			buildConfigurationList = FC5B007A26033ECC009C6B51 /* Build configuration list for PBXNativeTarget "Parstagram" */;
			buildPhases = (
				6375747BE1AADA4E9C43CEBF /* [CP] Check Pods Manifest.lock */,
				FC5B004C26033ECA009C6B51 /* Sources */,
				FC5B004D26033ECA009C6B51 /* Frameworks */,
				FC5B004E26033ECA009C6B51 /* Resources */,
				A91DCC32DF83BC2DF1FBB369 /* [CP] Embed Pods Frameworks */,
			);
			buildRules = (
			);
			dependencies = (
			);
			name = Parstagram;
			productName = Parstagram;
			productReference = FC5B005026033ECA009C6B51 /* Parstagram.app */;
			productType = "com.apple.product-type.application";
		};
		FC5B006526033ECC009C6B51 /* ParstagramTests */ = {
			isa = PBXNativeTarget;
			buildConfigurationList = FC5B007D26033ECC009C6B51 /* Build configuration list for PBXNativeTarget "ParstagramTests" */;
			buildPhases = (
				C116B78178EEE4A60882EB41 /* [CP] Check Pods Manifest.lock */,
				FC5B006226033ECC009C6B51 /* Sources */,
				FC5B006326033ECC009C6B51 /* Frameworks */,
				FC5B006426033ECC009C6B51 /* Resources */,
			);
			buildRules = (
			);
			dependencies = (
				FC5B006826033ECC009C6B51 /* PBXTargetDependency */,
			);
			name = ParstagramTests;
			productName = ParstagramTests;
			productReference = FC5B006626033ECC009C6B51 /* ParstagramTests.xctest */;
			productType = "com.apple.product-type.bundle.unit-test";
		};
		FC5B007026033ECC009C6B51 /* ParstagramUITests */ = {
			isa = PBXNativeTarget;
			buildConfigurationList = FC5B008026033ECC009C6B51 /* Build configuration list for PBXNativeTarget "ParstagramUITests" */;
			buildPhases = (
				43161887EFF00D224D425A57 /* [CP] Check Pods Manifest.lock */,
				FC5B006D26033ECC009C6B51 /* Sources */,
				FC5B006E26033ECC009C6B51 /* Frameworks */,
				FC5B006F26033ECC009C6B51 /* Resources */,
				C7CF04DED2B23663B63F96DA /* [CP] Embed Pods Frameworks */,
			);
			buildRules = (
			);
			dependencies = (
				FC5B007326033ECC009C6B51 /* PBXTargetDependency */,
			);
			name = ParstagramUITests;
			productName = ParstagramUITests;
			productReference = FC5B007126033ECC009C6B51 /* ParstagramUITests.xctest */;
			productType = "com.apple.product-type.bundle.ui-testing";
		};
/* End PBXNativeTarget section */

/* Begin PBXProject section */
		FC5B004826033ECA009C6B51 /* Project object */ = {
			isa = PBXProject;
			attributes = {
				LastSwiftUpdateCheck = 1230;
				LastUpgradeCheck = 1230;
				TargetAttributes = {
					FC5B004F26033ECA009C6B51 = {
						CreatedOnToolsVersion = 12.3;
					};
					FC5B006526033ECC009C6B51 = {
						CreatedOnToolsVersion = 12.3;
						TestTargetID = FC5B004F26033ECA009C6B51;
					};
					FC5B007026033ECC009C6B51 = {
						CreatedOnToolsVersion = 12.3;
						TestTargetID = FC5B004F26033ECA009C6B51;
					};
				};
			};
			buildConfigurationList = FC5B004B26033ECA009C6B51 /* Build configuration list for PBXProject "Parstagram" */;
			compatibilityVersion = "Xcode 9.3";
			developmentRegion = en;
			hasScannedForEncodings = 0;
			knownRegions = (
				en,
				Base,
			);
			mainGroup = FC5B004726033ECA009C6B51;
			productRefGroup = FC5B005126033ECA009C6B51 /* Products */;
			projectDirPath = "";
			projectRoot = "";
			targets = (
				FC5B004F26033ECA009C6B51 /* Parstagram */,
				FC5B006526033ECC009C6B51 /* ParstagramTests */,
				FC5B007026033ECC009C6B51 /* ParstagramUITests */,
			);
		};
/* End PBXProject section */

/* Begin PBXResourcesBuildPhase section */
		FC5B004E26033ECA009C6B51 /* Resources */ = {
			isa = PBXResourcesBuildPhase;
			buildActionMask = 2147483647;
			files = (
				FC5B006026033ECB009C6B51 /* LaunchScreen.storyboard in Resources */,
				FC5B005D26033ECB009C6B51 /* Assets.xcassets in Resources */,
				FC5B005B26033ECA009C6B51 /* Main.storyboard in Resources */,
			);
			runOnlyForDeploymentPostprocessing = 0;
		};
		FC5B006426033ECC009C6B51 /* Resources */ = {
			isa = PBXResourcesBuildPhase;
			buildActionMask = 2147483647;
			files = (
			);
			runOnlyForDeploymentPostprocessing = 0;
		};
		FC5B006F26033ECC009C6B51 /* Resources */ = {
			isa = PBXResourcesBuildPhase;
			buildActionMask = 2147483647;
			files = (
			);
			runOnlyForDeploymentPostprocessing = 0;
		};
/* End PBXResourcesBuildPhase section */

/* Begin PBXShellScriptBuildPhase section */
		43161887EFF00D224D425A57 /* [CP] Check Pods Manifest.lock */ = {
			isa = PBXShellScriptBuildPhase;
			buildActionMask = 2147483647;
			files = (
			);
			inputFileListPaths = (
			);
			inputPaths = (
				"${PODS_PODFILE_DIR_PATH}/Podfile.lock",
				"${PODS_ROOT}/Manifest.lock",
			);
			name = "[CP] Check Pods Manifest.lock";
			outputFileListPaths = (
			);
			outputPaths = (
				"$(DERIVED_FILE_DIR)/Pods-Parstagram-ParstagramUITests-checkManifestLockResult.txt",
			);
			runOnlyForDeploymentPostprocessing = 0;
			shellPath = /bin/sh;
			shellScript = "diff \"${PODS_PODFILE_DIR_PATH}/Podfile.lock\" \"${PODS_ROOT}/Manifest.lock\" > /dev/null\nif [ $? != 0 ] ; then\n    # print error to STDERR\n    echo \"error: The sandbox is not in sync with the Podfile.lock. Run 'pod install' or update your CocoaPods installation.\" >&2\n    exit 1\nfi\n# This output is used by Xcode 'outputs' to avoid re-running this script phase.\necho \"SUCCESS\" > \"${SCRIPT_OUTPUT_FILE_0}\"\n";
			showEnvVarsInLog = 0;
		};
		6375747BE1AADA4E9C43CEBF /* [CP] Check Pods Manifest.lock */ = {
			isa = PBXShellScriptBuildPhase;
			buildActionMask = 2147483647;
			files = (
			);
			inputFileListPaths = (
			);
			inputPaths = (
				"${PODS_PODFILE_DIR_PATH}/Podfile.lock",
				"${PODS_ROOT}/Manifest.lock",
			);
			name = "[CP] Check Pods Manifest.lock";
			outputFileListPaths = (
			);
			outputPaths = (
				"$(DERIVED_FILE_DIR)/Pods-Parstagram-checkManifestLockResult.txt",
			);
			runOnlyForDeploymentPostprocessing = 0;
			shellPath = /bin/sh;
			shellScript = "diff \"${PODS_PODFILE_DIR_PATH}/Podfile.lock\" \"${PODS_ROOT}/Manifest.lock\" > /dev/null\nif [ $? != 0 ] ; then\n    # print error to STDERR\n    echo \"error: The sandbox is not in sync with the Podfile.lock. Run 'pod install' or update your CocoaPods installation.\" >&2\n    exit 1\nfi\n# This output is used by Xcode 'outputs' to avoid re-running this script phase.\necho \"SUCCESS\" > \"${SCRIPT_OUTPUT_FILE_0}\"\n";
			showEnvVarsInLog = 0;
		};
		A91DCC32DF83BC2DF1FBB369 /* [CP] Embed Pods Frameworks */ = {
			isa = PBXShellScriptBuildPhase;
			buildActionMask = 2147483647;
			files = (
			);
			inputFileListPaths = (
				"${PODS_ROOT}/Target Support Files/Pods-Parstagram/Pods-Parstagram-frameworks-${CONFIGURATION}-input-files.xcfilelist",
			);
			name = "[CP] Embed Pods Frameworks";
			outputFileListPaths = (
				"${PODS_ROOT}/Target Support Files/Pods-Parstagram/Pods-Parstagram-frameworks-${CONFIGURATION}-output-files.xcfilelist",
			);
			runOnlyForDeploymentPostprocessing = 0;
			shellPath = /bin/sh;
			shellScript = "\"${PODS_ROOT}/Target Support Files/Pods-Parstagram/Pods-Parstagram-frameworks.sh\"\n";
			showEnvVarsInLog = 0;
		};
		C116B78178EEE4A60882EB41 /* [CP] Check Pods Manifest.lock */ = {
			isa = PBXShellScriptBuildPhase;
			buildActionMask = 2147483647;
			files = (
			);
			inputFileListPaths = (
			);
			inputPaths = (
				"${PODS_PODFILE_DIR_PATH}/Podfile.lock",
				"${PODS_ROOT}/Manifest.lock",
			);
			name = "[CP] Check Pods Manifest.lock";
			outputFileListPaths = (
			);
			outputPaths = (
				"$(DERIVED_FILE_DIR)/Pods-ParstagramTests-checkManifestLockResult.txt",
			);
			runOnlyForDeploymentPostprocessing = 0;
			shellPath = /bin/sh;
			shellScript = "diff \"${PODS_PODFILE_DIR_PATH}/Podfile.lock\" \"${PODS_ROOT}/Manifest.lock\" > /dev/null\nif [ $? != 0 ] ; then\n    # print error to STDERR\n    echo \"error: The sandbox is not in sync with the Podfile.lock. Run 'pod install' or update your CocoaPods installation.\" >&2\n    exit 1\nfi\n# This output is used by Xcode 'outputs' to avoid re-running this script phase.\necho \"SUCCESS\" > \"${SCRIPT_OUTPUT_FILE_0}\"\n";
			showEnvVarsInLog = 0;
		};
		C7CF04DED2B23663B63F96DA /* [CP] Embed Pods Frameworks */ = {
			isa = PBXShellScriptBuildPhase;
			buildActionMask = 2147483647;
			files = (
			);
			inputFileListPaths = (
				"${PODS_ROOT}/Target Support Files/Pods-Parstagram-ParstagramUITests/Pods-Parstagram-ParstagramUITests-frameworks-${CONFIGURATION}-input-files.xcfilelist",
			);
			name = "[CP] Embed Pods Frameworks";
			outputFileListPaths = (
				"${PODS_ROOT}/Target Support Files/Pods-Parstagram-ParstagramUITests/Pods-Parstagram-ParstagramUITests-frameworks-${CONFIGURATION}-output-files.xcfilelist",
			);
			runOnlyForDeploymentPostprocessing = 0;
			shellPath = /bin/sh;
			shellScript = "\"${PODS_ROOT}/Target Support Files/Pods-Parstagram-ParstagramUITests/Pods-Parstagram-ParstagramUITests-frameworks.sh\"\n";
			showEnvVarsInLog = 0;
		};
/* End PBXShellScriptBuildPhase section */

/* Begin PBXSourcesBuildPhase section */
		FC5B004C26033ECA009C6B51 /* Sources */ = {
			isa = PBXSourcesBuildPhase;
			buildActionMask = 2147483647;
			files = (
				FCBE632426033FC100258A65 /* LoginViewController.swift in Sources */,
				FCAA18A4260346A300210036 /* CameraViewController.swift in Sources */,
				FC5B005426033ECA009C6B51 /* AppDelegate.swift in Sources */,
				FCBE632926033FD500258A65 /* FeedViewController.swift in Sources */,
				FC5B005626033ECA009C6B51 /* SceneDelegate.swift in Sources */,
				FCFB22CA26034F4800701723 /* PostCell.swift in Sources */,
				FCED1756260EC2BA00267556 /* CommentCell.swift in Sources */,
			);
			runOnlyForDeploymentPostprocessing = 0;
		};
		FC5B006226033ECC009C6B51 /* Sources */ = {
			isa = PBXSourcesBuildPhase;
			buildActionMask = 2147483647;
			files = (
				FC5B006B26033ECC009C6B51 /* ParstagramTests.swift in Sources */,
			);
			runOnlyForDeploymentPostprocessing = 0;
		};
		FC5B006D26033ECC009C6B51 /* Sources */ = {
			isa = PBXSourcesBuildPhase;
			buildActionMask = 2147483647;
			files = (
				FC5B007626033ECC009C6B51 /* ParstagramUITests.swift in Sources */,
			);
			runOnlyForDeploymentPostprocessing = 0;
		};
/* End PBXSourcesBuildPhase section */

/* Begin PBXTargetDependency section */
		FC5B006826033ECC009C6B51 /* PBXTargetDependency */ = {
			isa = PBXTargetDependency;
			target = FC5B004F26033ECA009C6B51 /* Parstagram */;
			targetProxy = FC5B006726033ECC009C6B51 /* PBXContainerItemProxy */;
		};
		FC5B007326033ECC009C6B51 /* PBXTargetDependency */ = {
			isa = PBXTargetDependency;
			target = FC5B004F26033ECA009C6B51 /* Parstagram */;
			targetProxy = FC5B007226033ECC009C6B51 /* PBXContainerItemProxy */;
		};
/* End PBXTargetDependency section */

/* Begin PBXVariantGroup section */
		FC5B005926033ECA009C6B51 /* Main.storyboard */ = {
			isa = PBXVariantGroup;
			children = (
				FC5B005A26033ECA009C6B51 /* Base */,
			);
			name = Main.storyboard;
			sourceTree = "<group>";
		};
		FC5B005E26033ECB009C6B51 /* LaunchScreen.storyboard */ = {
			isa = PBXVariantGroup;
			children = (
				FC5B005F26033ECB009C6B51 /* Base */,
			);
			name = LaunchScreen.storyboard;
			sourceTree = "<group>";
		};
/* End PBXVariantGroup section */

/* Begin XCBuildConfiguration section */
		FC5B007826033ECC009C6B51 /* Debug */ = {
			isa = XCBuildConfiguration;
			buildSettings = {
				ALWAYS_SEARCH_USER_PATHS = NO;
				CLANG_ANALYZER_NONNULL = YES;
				CLANG_ANALYZER_NUMBER_OBJECT_CONVERSION = YES_AGGRESSIVE;
				CLANG_CXX_LANGUAGE_STANDARD = "gnu++14";
				CLANG_CXX_LIBRARY = "libc++";
				CLANG_ENABLE_MODULES = YES;
				CLANG_ENABLE_OBJC_ARC = YES;
				CLANG_ENABLE_OBJC_WEAK = YES;
				CLANG_WARN_BLOCK_CAPTURE_AUTORELEASING = YES;
				CLANG_WARN_BOOL_CONVERSION = YES;
				CLANG_WARN_COMMA = YES;
				CLANG_WARN_CONSTANT_CONVERSION = YES;
				CLANG_WARN_DEPRECATED_OBJC_IMPLEMENTATIONS = YES;
				CLANG_WARN_DIRECT_OBJC_ISA_USAGE = YES_ERROR;
				CLANG_WARN_DOCUMENTATION_COMMENTS = YES;
				CLANG_WARN_EMPTY_BODY = YES;
				CLANG_WARN_ENUM_CONVERSION = YES;
				CLANG_WARN_INFINITE_RECURSION = YES;
				CLANG_WARN_INT_CONVERSION = YES;
				CLANG_WARN_NON_LITERAL_NULL_CONVERSION = YES;
				CLANG_WARN_OBJC_IMPLICIT_RETAIN_SELF = YES;
				CLANG_WARN_OBJC_LITERAL_CONVERSION = YES;
				CLANG_WARN_OBJC_ROOT_CLASS = YES_ERROR;
				CLANG_WARN_QUOTED_INCLUDE_IN_FRAMEWORK_HEADER = YES;
				CLANG_WARN_RANGE_LOOP_ANALYSIS = YES;
				CLANG_WARN_STRICT_PROTOTYPES = YES;
				CLANG_WARN_SUSPICIOUS_MOVE = YES;
				CLANG_WARN_UNGUARDED_AVAILABILITY = YES_AGGRESSIVE;
				CLANG_WARN_UNREACHABLE_CODE = YES;
				CLANG_WARN__DUPLICATE_METHOD_MATCH = YES;
				COPY_PHASE_STRIP = NO;
				DEBUG_INFORMATION_FORMAT = dwarf;
				ENABLE_STRICT_OBJC_MSGSEND = YES;
				ENABLE_TESTABILITY = YES;
				GCC_C_LANGUAGE_STANDARD = gnu11;
				GCC_DYNAMIC_NO_PIC = NO;
				GCC_NO_COMMON_BLOCKS = YES;
				GCC_OPTIMIZATION_LEVEL = 0;
				GCC_PREPROCESSOR_DEFINITIONS = (
					"DEBUG=1",
					"$(inherited)",
				);
				GCC_WARN_64_TO_32_BIT_CONVERSION = YES;
				GCC_WARN_ABOUT_RETURN_TYPE = YES_ERROR;
				GCC_WARN_UNDECLARED_SELECTOR = YES;
				GCC_WARN_UNINITIALIZED_AUTOS = YES_AGGRESSIVE;
				GCC_WARN_UNUSED_FUNCTION = YES;
				GCC_WARN_UNUSED_VARIABLE = YES;
				IPHONEOS_DEPLOYMENT_TARGET = 14.3;
				MTL_ENABLE_DEBUG_INFO = INCLUDE_SOURCE;
				MTL_FAST_MATH = YES;
				ONLY_ACTIVE_ARCH = YES;
				SDKROOT = iphoneos;
				SWIFT_ACTIVE_COMPILATION_CONDITIONS = DEBUG;
				SWIFT_OPTIMIZATION_LEVEL = "-Onone";
			};
			name = Debug;
		};
		FC5B007926033ECC009C6B51 /* Release */ = {
			isa = XCBuildConfiguration;
			buildSettings = {
				ALWAYS_SEARCH_USER_PATHS = NO;
				CLANG_ANALYZER_NONNULL = YES;
				CLANG_ANALYZER_NUMBER_OBJECT_CONVERSION = YES_AGGRESSIVE;
				CLANG_CXX_LANGUAGE_STANDARD = "gnu++14";
				CLANG_CXX_LIBRARY = "libc++";
				CLANG_ENABLE_MODULES = YES;
				CLANG_ENABLE_OBJC_ARC = YES;
				CLANG_ENABLE_OBJC_WEAK = YES;
				CLANG_WARN_BLOCK_CAPTURE_AUTORELEASING = YES;
				CLANG_WARN_BOOL_CONVERSION = YES;
				CLANG_WARN_COMMA = YES;
				CLANG_WARN_CONSTANT_CONVERSION = YES;
				CLANG_WARN_DEPRECATED_OBJC_IMPLEMENTATIONS = YES;
				CLANG_WARN_DIRECT_OBJC_ISA_USAGE = YES_ERROR;
				CLANG_WARN_DOCUMENTATION_COMMENTS = YES;
				CLANG_WARN_EMPTY_BODY = YES;
				CLANG_WARN_ENUM_CONVERSION = YES;
				CLANG_WARN_INFINITE_RECURSION = YES;
				CLANG_WARN_INT_CONVERSION = YES;
				CLANG_WARN_NON_LITERAL_NULL_CONVERSION = YES;
				CLANG_WARN_OBJC_IMPLICIT_RETAIN_SELF = YES;
				CLANG_WARN_OBJC_LITERAL_CONVERSION = YES;
				CLANG_WARN_OBJC_ROOT_CLASS = YES_ERROR;
				CLANG_WARN_QUOTED_INCLUDE_IN_FRAMEWORK_HEADER = YES;
				CLANG_WARN_RANGE_LOOP_ANALYSIS = YES;
				CLANG_WARN_STRICT_PROTOTYPES = YES;
				CLANG_WARN_SUSPICIOUS_MOVE = YES;
				CLANG_WARN_UNGUARDED_AVAILABILITY = YES_AGGRESSIVE;
				CLANG_WARN_UNREACHABLE_CODE = YES;
				CLANG_WARN__DUPLICATE_METHOD_MATCH = YES;
				COPY_PHASE_STRIP = NO;
				DEBUG_INFORMATION_FORMAT = "dwarf-with-dsym";
				ENABLE_NS_ASSERTIONS = NO;
				ENABLE_STRICT_OBJC_MSGSEND = YES;
				GCC_C_LANGUAGE_STANDARD = gnu11;
				GCC_NO_COMMON_BLOCKS = YES;
				GCC_WARN_64_TO_32_BIT_CONVERSION = YES;
				GCC_WARN_ABOUT_RETURN_TYPE = YES_ERROR;
				GCC_WARN_UNDECLARED_SELECTOR = YES;
				GCC_WARN_UNINITIALIZED_AUTOS = YES_AGGRESSIVE;
				GCC_WARN_UNUSED_FUNCTION = YES;
				GCC_WARN_UNUSED_VARIABLE = YES;
				IPHONEOS_DEPLOYMENT_TARGET = 14.3;
				MTL_ENABLE_DEBUG_INFO = NO;
				MTL_FAST_MATH = YES;
				SDKROOT = iphoneos;
				SWIFT_COMPILATION_MODE = wholemodule;
				SWIFT_OPTIMIZATION_LEVEL = "-O";
				VALIDATE_PRODUCT = YES;
			};
			name = Release;
		};
		FC5B007B26033ECC009C6B51 /* Debug */ = {
			isa = XCBuildConfiguration;
			baseConfigurationReference = 511F38370D47222D2710AF68 /* Pods-Parstagram.debug.xcconfig */;
			buildSettings = {
				ASSETCATALOG_COMPILER_APPICON_NAME = AppIcon;
				ASSETCATALOG_COMPILER_GLOBAL_ACCENT_COLOR_NAME = AccentColor;
				CODE_SIGN_STYLE = Automatic;
				DEVELOPMENT_TEAM = H6CS5QL587;
				INFOPLIST_FILE = Parstagram/Info.plist;
				LD_RUNPATH_SEARCH_PATHS = (
					"$(inherited)",
					"@executable_path/Frameworks",
				);
				PRODUCT_BUNDLE_IDENTIFIER = com.Parstagram;
				PRODUCT_NAME = "$(TARGET_NAME)";
				SWIFT_VERSION = 5.0;
				TARGETED_DEVICE_FAMILY = "1,2";
			};
			name = Debug;
		};
		FC5B007C26033ECC009C6B51 /* Release */ = {
			isa = XCBuildConfiguration;
			baseConfigurationReference = F8E456A2A72457790F589D0F /* Pods-Parstagram.release.xcconfig */;
			buildSettings = {
				ASSETCATALOG_COMPILER_APPICON_NAME = AppIcon;
				ASSETCATALOG_COMPILER_GLOBAL_ACCENT_COLOR_NAME = AccentColor;
				CODE_SIGN_STYLE = Automatic;
				DEVELOPMENT_TEAM = H6CS5QL587;
				INFOPLIST_FILE = Parstagram/Info.plist;
				LD_RUNPATH_SEARCH_PATHS = (
					"$(inherited)",
					"@executable_path/Frameworks",
				);
				PRODUCT_BUNDLE_IDENTIFIER = com.Parstagram;
				PRODUCT_NAME = "$(TARGET_NAME)";
				SWIFT_VERSION = 5.0;
				TARGETED_DEVICE_FAMILY = "1,2";
			};
			name = Release;
		};
		FC5B007E26033ECC009C6B51 /* Debug */ = {
			isa = XCBuildConfiguration;
			baseConfigurationReference = F250AA4BB004F92F63A3AEDA /* Pods-ParstagramTests.debug.xcconfig */;
			buildSettings = {
				ALWAYS_EMBED_SWIFT_STANDARD_LIBRARIES = YES;
				BUNDLE_LOADER = "$(TEST_HOST)";
				CODE_SIGN_STYLE = Automatic;
				DEVELOPMENT_TEAM = H6CS5QL587;
				INFOPLIST_FILE = ParstagramTests/Info.plist;
				IPHONEOS_DEPLOYMENT_TARGET = 14.3;
				LD_RUNPATH_SEARCH_PATHS = (
					"$(inherited)",
					"@executable_path/Frameworks",
					"@loader_path/Frameworks",
				);
				PRODUCT_BUNDLE_IDENTIFIER = com.ParstagramTests;
				PRODUCT_NAME = "$(TARGET_NAME)";
				SWIFT_VERSION = 5.0;
				TARGETED_DEVICE_FAMILY = "1,2";
				TEST_HOST = "$(BUILT_PRODUCTS_DIR)/Parstagram.app/Parstagram";
			};
			name = Debug;
		};
		FC5B007F26033ECC009C6B51 /* Release */ = {
			isa = XCBuildConfiguration;
			baseConfigurationReference = DEAD930F4BD48D742B984CA3 /* Pods-ParstagramTests.release.xcconfig */;
			buildSettings = {
				ALWAYS_EMBED_SWIFT_STANDARD_LIBRARIES = YES;
				BUNDLE_LOADER = "$(TEST_HOST)";
				CODE_SIGN_STYLE = Automatic;
				DEVELOPMENT_TEAM = H6CS5QL587;
				INFOPLIST_FILE = ParstagramTests/Info.plist;
				IPHONEOS_DEPLOYMENT_TARGET = 14.3;
				LD_RUNPATH_SEARCH_PATHS = (
					"$(inherited)",
					"@executable_path/Frameworks",
					"@loader_path/Frameworks",
				);
				PRODUCT_BUNDLE_IDENTIFIER = com.ParstagramTests;
				PRODUCT_NAME = "$(TARGET_NAME)";
				SWIFT_VERSION = 5.0;
				TARGETED_DEVICE_FAMILY = "1,2";
				TEST_HOST = "$(BUILT_PRODUCTS_DIR)/Parstagram.app/Parstagram";
			};
			name = Release;
		};
		FC5B008126033ECC009C6B51 /* Debug */ = {
			isa = XCBuildConfiguration;
			baseConfigurationReference = 5047A090A0CBFD81A7E0E028 /* Pods-Parstagram-ParstagramUITests.debug.xcconfig */;
			buildSettings = {
				ALWAYS_EMBED_SWIFT_STANDARD_LIBRARIES = YES;
				CODE_SIGN_STYLE = Automatic;
				DEVELOPMENT_TEAM = H6CS5QL587;
				INFOPLIST_FILE = ParstagramUITests/Info.plist;
				LD_RUNPATH_SEARCH_PATHS = (
					"$(inherited)",
					"@executable_path/Frameworks",
					"@loader_path/Frameworks",
				);
				PRODUCT_BUNDLE_IDENTIFIER = com.ParstagramUITests;
				PRODUCT_NAME = "$(TARGET_NAME)";
				SWIFT_VERSION = 5.0;
				TARGETED_DEVICE_FAMILY = "1,2";
				TEST_TARGET_NAME = Parstagram;
			};
			name = Debug;
		};
		FC5B008226033ECC009C6B51 /* Release */ = {
			isa = XCBuildConfiguration;
			baseConfigurationReference = EDFC03D9137AEB9BDB79F00E /* Pods-Parstagram-ParstagramUITests.release.xcconfig */;
			buildSettings = {
				ALWAYS_EMBED_SWIFT_STANDARD_LIBRARIES = YES;
				CODE_SIGN_STYLE = Automatic;
				DEVELOPMENT_TEAM = H6CS5QL587;
				INFOPLIST_FILE = ParstagramUITests/Info.plist;
				LD_RUNPATH_SEARCH_PATHS = (
					"$(inherited)",
					"@executable_path/Frameworks",
					"@loader_path/Frameworks",
				);
				PRODUCT_BUNDLE_IDENTIFIER = com.ParstagramUITests;
				PRODUCT_NAME = "$(TARGET_NAME)";
				SWIFT_VERSION = 5.0;
				TARGETED_DEVICE_FAMILY = "1,2";
				TEST_TARGET_NAME = Parstagram;
			};
			name = Release;
		};
/* End XCBuildConfiguration section */

/* Begin XCConfigurationList section */
		FC5B004B26033ECA009C6B51 /* Build configuration list for PBXProject "Parstagram" */ = {
			isa = XCConfigurationList;
			buildConfigurations = (
				FC5B007826033ECC009C6B51 /* Debug */,
				FC5B007926033ECC009C6B51 /* Release */,
			);
			defaultConfigurationIsVisible = 0;
			defaultConfigurationName = Release;
		};
		FC5B007A26033ECC009C6B51 /* Build configuration list for PBXNativeTarget "Parstagram" */ = {
			isa = XCConfigurationList;
			buildConfigurations = (
				FC5B007B26033ECC009C6B51 /* Debug */,
				FC5B007C26033ECC009C6B51 /* Release */,
			);
			defaultConfigurationIsVisible = 0;
			defaultConfigurationName = Release;
		};
		FC5B007D26033ECC009C6B51 /* Build configuration list for PBXNativeTarget "ParstagramTests" */ = {
			isa = XCConfigurationList;
			buildConfigurations = (
				FC5B007E26033ECC009C6B51 /* Debug */,
				FC5B007F26033ECC009C6B51 /* Release */,
			);
			defaultConfigurationIsVisible = 0;
			defaultConfigurationName = Release;
		};
		FC5B008026033ECC009C6B51 /* Build configuration list for PBXNativeTarget "ParstagramUITests" */ = {
			isa = XCConfigurationList;
			buildConfigurations = (
				FC5B008126033ECC009C6B51 /* Debug */,
				FC5B008226033ECC009C6B51 /* Release */,
			);
			defaultConfigurationIsVisible = 0;
			defaultConfigurationName = Release;
		};
/* End XCConfigurationList section */
	};
	rootObject = FC5B004826033ECA009C6B51 /* Project object */;
}
